
Microsoft Visual Studio Solution File, Format Version 12.00
# Visual Studio 15
VisualStudioVersion = 15.0.27428.2015
MinimumVisualStudioVersion = 10.0.40219.1
Project("{888888A0-9F3D-457C-B088-3A5042F75D52}") = "ide_visualstudio", "ide_visualstudio\ide_visualstudio.pyproj", "{C2A2E540-D27D-4CE6-962C-24F9EFBAC2C3}"
EndProject
Global
	GlobalSection(SolutionConfigurationPlatforms) = preSolution
		Debug|Any CPU = Debug|Any CPU
		Release|Any CPU = Release|Any CPU
	EndGlobalSection
	GlobalSection(ProjectConfigurationPlatforms) = postSolution
		{C2A2E540-D27D-4CE6-962C-24F9EFBAC2C3}.Debug|Any CPU.ActiveCfg = Debug|Any CPU
		{C2A2E540-D27D-4CE6-962C-24F9EFBAC2C3}.Release|Any CPU.ActiveCfg = Release|Any CPU
	EndGlobalSection
	GlobalSection(SolutionProperties) = preSolution
		HideSolutionNode = FALSE
	EndGlobalSection
	GlobalSection(ExtensibilityGlobals) = postSolution
		SolutionGuid = {89884BE3-8DED-455F-B3F9-3778BE7CC611}
	EndGlobalSection
EndGlobal
